
Microsoft Visual Studio Solution File, Format Version 12.00
# Visual Studio Version 16
VisualStudioVersion = 16.0.32106.194
MinimumVisualStudioVersion = 10.0.40219.1
Project("{FAE04EC0-301F-11D3-BF4B-00C04F79EFBC}") = "WindowsFormsApp1", "WindowsFormsApp1\WindowsFormsApp1.csproj", "{09D01D96-7C8E-47FE-A94B-888CE9716B2E}"
EndProject
Global
	GlobalSection(SolutionConfigurationPlatforms) = preSolution
		Debug|Any CPU = Debug|Any CPU
		Release|Any CPU = Release|Any CPU
	EndGlobalSection
	GlobalSection(ProjectConfigurationPlatforms) = postSolution
		{09D01D96-7C8E-47FE-A94B-888CE9716B2E}.Debug|Any CPU.ActiveCfg = Debug|Any CPU
		{09D01D96-7C8E-47FE-A94B-888CE9716B2E}.Debug|Any CPU.Build.0 = Debug|Any CPU
		{09D01D96-7C8E-47FE-A94B-888CE9716B2E}.Release|Any CPU.ActiveCfg = Release|Any CPU
		{09D01D96-7C8E-47FE-A94B-888CE9716B2E}.Release|Any CPU.Build.0 = Release|Any CPU
	EndGlobalSection
	GlobalSection(SolutionProperties) = preSolution
		HideSolutionNode = FALSE
	EndGlobalSection
	GlobalSection(ExtensibilityGlobals) = postSolution
		SolutionGuid = {BFF8DB15-564F-4445-92FD-2E4B2131DD7C}
	EndGlobalSection
EndGlobal
